<?xml version="1.0" encoding="utf-8"?>
<Project ToolsVersion="4.0" xmlns="http://schemas.microsoft.com/developer/msbuild/2003">
  <ItemGroup>
    <ClCompile Include="..\src\auto_dd.cxx">
      <Filter>sources</Filter>
    </ClCompile>
    <ClCompile Include="..\src\dd_extra.cxx">
      <Filter>sources</Filter>
    </ClCompile>
    <ClCompile Include="..\src\dd_manip.cxx">
      <Filter>sources</Filter>
    </ClCompile>
    <ClCompile Include="..\src\datareader.cxx">
      <Filter>sources</Filter>
    </ClCompile>
    <ClCompile Include="..\src\datawriter.cxx">
      <Filter>sources</Filter>
    </ClCompile>
    <ClCompile Include="..\src\reflex.cxx">
      <Filter>sources</Filter>
    </ClCompile>
    <ClCompile Include="..\src\safe_typecode.cxx">
      <Filter>sources</Filter>
    </ClCompile>
    <ClCompile Include="..\src\typecode_manip.cxx">
      <Filter>sources</Filter>
    </ClCompile>
    <ClCompile Include="..\src\member_names.cxx">
      <Filter>sources</Filter>
    </ClCompile>
    <ClCompile Include="..\src\entity_common.cxx">
      <Filter>sources</Filter>
    </ClCompile>
    <ClCompile Include="..\src\datareader_params.cxx">
      <Filter>sources</Filter>
    </ClCompile>
    <ClCompile Include="..\src\datawriter_params.cxx">
      <Filter>sources</Filter>
    </ClCompile>
  </ItemGroup>
  <ItemGroup>
    <ClInclude Include="..\include\reflex\auto_dd.h">
      <Filter>headers</Filter>
    </ClInclude>
    <ClInclude Include="..\include\reflex\bounded.h">
      <Filter>headers</Filter>
    </ClInclude>
    <ClInclude Include="..\include\reflex\dd_extra.h">
      <Filter>headers</Filter>
    </ClInclude>
    <ClInclude Include="..\include\reflex\dd_manip.h">
      <Filter>headers</Filter>
    </ClInclude>
    <ClInclude Include="..\include\reflex\dd_traits.h">
      <Filter>headers</Filter>
    </ClInclude>
    <ClInclude Include="..\include\reflex\disc_union.h">
      <Filter>headers</Filter>
    </ClInclude>
    <ClInclude Include="..\include\reflex\dllexport.h">
      <Filter>headers</Filter>
    </ClInclude>
    <ClInclude Include="..\include\reflex\enable_if.h">
      <Filter>headers</Filter>
    </ClInclude>
    <ClInclude Include="..\include\reflex\datareader.h">
      <Filter>headers</Filter>
    </ClInclude>
    <ClInclude Include="..\include\reflex\datawriter.h">
      <Filter>headers</Filter>
    </ClInclude>
    <ClInclude Include="..\include\reflex.h">
      <Filter>headers</Filter>
    </ClInclude>
    <ClInclude Include="..\include\reflex\reflex_fwd.h">
      <Filter>headers</Filter>
    </ClInclude>
    <ClInclude Include="..\include\reflex\safe_typecode.h">
      <Filter>headers</Filter>
    </ClInclude>
    <ClInclude Include="..\include\reflex\sample.h">
      <Filter>headers</Filter>
    </ClInclude>
    <ClInclude Include="..\include\reflex\tuple_iterator.h">
      <Filter>headers</Filter>
    </ClInclude>
    <ClInclude Include="..\include\reflex\typecode_manip.h">
      <Filter>headers</Filter>
    </ClInclude>
    <ClInclude Include="..\include\reflex\datareader_params.h">
      <Filter>headers</Filter>
    </ClInclude>
    <ClInclude Include="..\include\reflex\datawriter_params.h">
      <Filter>headers</Filter>
    </ClInclude>
    <ClInclude Include="..\include\reflex\entity_common.h">
      <Filter>headers</Filter>
    </ClInclude>
    <ClInclude Include="..\include\reflex\memberwise.h">
      <Filter>headers</Filter>
    </ClInclude>
    <ClInclude Include="..\include\reflex\traits\xsd_traits.h">
      <Filter>headers</Filter>
    </ClInclude>
  </ItemGroup>
  <ItemGroup>
    <Filter Include="headers">
      <UniqueIdentifier>{5079abfe-43fa-4628-9496-418a1729cf8e}</UniqueIdentifier>
    </Filter>
    <Filter Include="sources">
      <UniqueIdentifier>{77bc77ac-5e12-4272-a3a1-338d0040d987}</UniqueIdentifier>
    </Filter>
  </ItemGroup>
</Project>